
Microsoft Visual Studio Solution File, Format Version 12.00
# Visual Studio Version 17
VisualStudioVersion = 17.8.34525.116
MinimumVisualStudioVersion = 10.0.40219.1
Project("{FAE04EC0-301F-11D3-BF4B-00C04F79EFBC}") = "KruskalAlgoritmasi", "KruskalAlgoritmasi\KruskalAlgoritmasi.csproj", "{CEDE4697-E726-4710-9EF1-91B79F04AFDC}"
EndProject
Global
	GlobalSection(SolutionConfigurationPlatforms) = preSolution
		Debug|Any CPU = Debug|Any CPU
		Release|Any CPU = Release|Any CPU
	EndGlobalSection
	GlobalSection(ProjectConfigurationPlatforms) = postSolution
		{CEDE4697-E726-4710-9EF1-91B79F04AFDC}.Debug|Any CPU.ActiveCfg = Debug|Any CPU
		{CEDE4697-E726-4710-9EF1-91B79F04AFDC}.Debug|Any CPU.Build.0 = Debug|Any CPU
		{CEDE4697-E726-4710-9EF1-91B79F04AFDC}.Release|Any CPU.ActiveCfg = Release|Any CPU
		{CEDE4697-E726-4710-9EF1-91B79F04AFDC}.Release|Any CPU.Build.0 = Release|Any CPU
	EndGlobalSection
	GlobalSection(SolutionProperties) = preSolution
		HideSolutionNode = FALSE
	EndGlobalSection
	GlobalSection(ExtensibilityGlobals) = postSolution
		SolutionGuid = {EC29B787-3E80-4BFA-987B-2720269312A7}
	EndGlobalSection
EndGlobal
