
Microsoft Visual Studio Solution File, Format Version 12.00
# Visual Studio Version 17
VisualStudioVersion = 17.8.34525.116
MinimumVisualStudioVersion = 10.0.40219.1
Project("{FAE04EC0-301F-11D3-BF4B-00C04F79EFBC}") = "MatrisOdev", "MatrisOdev\MatrisOdev.csproj", "{76C2F3DC-1B7A-4D76-9D24-54293741C02D}"
EndProject
Global
	GlobalSection(SolutionConfigurationPlatforms) = preSolution
		Debug|Any CPU = Debug|Any CPU
		Release|Any CPU = Release|Any CPU
	EndGlobalSection
	GlobalSection(ProjectConfigurationPlatforms) = postSolution
		{76C2F3DC-1B7A-4D76-9D24-54293741C02D}.Debug|Any CPU.ActiveCfg = Debug|Any CPU
		{76C2F3DC-1B7A-4D76-9D24-54293741C02D}.Debug|Any CPU.Build.0 = Debug|Any CPU
		{76C2F3DC-1B7A-4D76-9D24-54293741C02D}.Release|Any CPU.ActiveCfg = Release|Any CPU
		{76C2F3DC-1B7A-4D76-9D24-54293741C02D}.Release|Any CPU.Build.0 = Release|Any CPU
	EndGlobalSection
	GlobalSection(SolutionProperties) = preSolution
		HideSolutionNode = FALSE
	EndGlobalSection
	GlobalSection(ExtensibilityGlobals) = postSolution
		SolutionGuid = {140EA749-8EFD-4691-BAF9-387B8C154A1F}
	EndGlobalSection
EndGlobal
