
Microsoft Visual Studio Solution File, Format Version 12.00
# Visual Studio Version 17
VisualStudioVersion = 17.8.34309.116
MinimumVisualStudioVersion = 10.0.40219.1
Project("{FAE04EC0-301F-11D3-BF4B-00C04F79EFBC}") = "SelectionSort", "SelectionSort\SelectionSort.csproj", "{47AAF699-28B8-4DD0-84A2-BA5B3E5C27B4}"
EndProject
Global
	GlobalSection(SolutionConfigurationPlatforms) = preSolution
		Debug|Any CPU = Debug|Any CPU
		Release|Any CPU = Release|Any CPU
	EndGlobalSection
	GlobalSection(ProjectConfigurationPlatforms) = postSolution
		{47AAF699-28B8-4DD0-84A2-BA5B3E5C27B4}.Debug|Any CPU.ActiveCfg = Debug|Any CPU
		{47AAF699-28B8-4DD0-84A2-BA5B3E5C27B4}.Debug|Any CPU.Build.0 = Debug|Any CPU
		{47AAF699-28B8-4DD0-84A2-BA5B3E5C27B4}.Release|Any CPU.ActiveCfg = Release|Any CPU
		{47AAF699-28B8-4DD0-84A2-BA5B3E5C27B4}.Release|Any CPU.Build.0 = Release|Any CPU
	EndGlobalSection
	GlobalSection(SolutionProperties) = preSolution
		HideSolutionNode = FALSE
	EndGlobalSection
	GlobalSection(ExtensibilityGlobals) = postSolution
		SolutionGuid = {560C2CA0-B8D3-4FAF-B4FB-63AD99F27883}
	EndGlobalSection
EndGlobal
