
Microsoft Visual Studio Solution File, Format Version 12.00
# Visual Studio Version 17
VisualStudioVersion = 17.8.34525.116
MinimumVisualStudioVersion = 10.0.40219.1
Project("{FAE04EC0-301F-11D3-BF4B-00C04F79EFBC}") = "GezginSaticiProblemiRecursive", "GezginSaticiProblemiRecursive\GezginSaticiProblemiRecursive.csproj", "{A87D9989-D471-48CE-9677-F5BD691C13CE}"
EndProject
Global
	GlobalSection(SolutionConfigurationPlatforms) = preSolution
		Debug|Any CPU = Debug|Any CPU
		Release|Any CPU = Release|Any CPU
	EndGlobalSection
	GlobalSection(ProjectConfigurationPlatforms) = postSolution
		{A87D9989-D471-48CE-9677-F5BD691C13CE}.Debug|Any CPU.ActiveCfg = Debug|Any CPU
		{A87D9989-D471-48CE-9677-F5BD691C13CE}.Debug|Any CPU.Build.0 = Debug|Any CPU
		{A87D9989-D471-48CE-9677-F5BD691C13CE}.Release|Any CPU.ActiveCfg = Release|Any CPU
		{A87D9989-D471-48CE-9677-F5BD691C13CE}.Release|Any CPU.Build.0 = Release|Any CPU
	EndGlobalSection
	GlobalSection(SolutionProperties) = preSolution
		HideSolutionNode = FALSE
	EndGlobalSection
	GlobalSection(ExtensibilityGlobals) = postSolution
		SolutionGuid = {984EC901-2184-4B1F-82EF-CBD8DE3A6438}
	EndGlobalSection
EndGlobal
