
Microsoft Visual Studio Solution File, Format Version 12.00
# Visual Studio Version 17
VisualStudioVersion = 17.0.32112.339
MinimumVisualStudioVersion = 10.0.40219.1
Project("{FAE04EC0-301F-11D3-BF4B-00C04F79EFBC}") = "SplayTree1", "SplayTree1\SplayTree1.csproj", "{AC124573-EA02-4FE0-BE0E-CA6B117F5FF1}"
EndProject
Global
	GlobalSection(SolutionConfigurationPlatforms) = preSolution
		Debug|Any CPU = Debug|Any CPU
		Release|Any CPU = Release|Any CPU
	EndGlobalSection
	GlobalSection(ProjectConfigurationPlatforms) = postSolution
		{AC124573-EA02-4FE0-BE0E-CA6B117F5FF1}.Debug|Any CPU.ActiveCfg = Debug|Any CPU
		{AC124573-EA02-4FE0-BE0E-CA6B117F5FF1}.Debug|Any CPU.Build.0 = Debug|Any CPU
		{AC124573-EA02-4FE0-BE0E-CA6B117F5FF1}.Release|Any CPU.ActiveCfg = Release|Any CPU
		{AC124573-EA02-4FE0-BE0E-CA6B117F5FF1}.Release|Any CPU.Build.0 = Release|Any CPU
	EndGlobalSection
	GlobalSection(SolutionProperties) = preSolution
		HideSolutionNode = FALSE
	EndGlobalSection
	GlobalSection(ExtensibilityGlobals) = postSolution
		SolutionGuid = {1F12EC0C-232A-4FAE-AF0D-9AC3FEFC454A}
	EndGlobalSection
EndGlobal
