
Microsoft Visual Studio Solution File, Format Version 12.00
# Visual Studio Version 17
VisualStudioVersion = 17.4.33110.190
MinimumVisualStudioVersion = 10.0.40219.1
Project("{FAE04EC0-301F-11D3-BF4B-00C04F79EFBC}") = "BinaryTreeProject", "BinaryTreeProject\BinaryTreeProject.csproj", "{ECC3CDCD-8949-4405-9152-8CCD12162664}"
EndProject
Global
	GlobalSection(SolutionConfigurationPlatforms) = preSolution
		Debug|Any CPU = Debug|Any CPU
		Release|Any CPU = Release|Any CPU
	EndGlobalSection
	GlobalSection(ProjectConfigurationPlatforms) = postSolution
		{ECC3CDCD-8949-4405-9152-8CCD12162664}.Debug|Any CPU.ActiveCfg = Debug|Any CPU
		{ECC3CDCD-8949-4405-9152-8CCD12162664}.Debug|Any CPU.Build.0 = Debug|Any CPU
		{ECC3CDCD-8949-4405-9152-8CCD12162664}.Release|Any CPU.ActiveCfg = Release|Any CPU
		{ECC3CDCD-8949-4405-9152-8CCD12162664}.Release|Any CPU.Build.0 = Release|Any CPU
	EndGlobalSection
	GlobalSection(SolutionProperties) = preSolution
		HideSolutionNode = FALSE
	EndGlobalSection
	GlobalSection(ExtensibilityGlobals) = postSolution
		SolutionGuid = {223768D0-A6F9-4488-978F-2E7CE862620C}
	EndGlobalSection
EndGlobal
