
Microsoft Visual Studio Solution File, Format Version 12.00
# Visual Studio Version 17
VisualStudioVersion = 17.8.34525.116
MinimumVisualStudioVersion = 10.0.40219.1
Project("{FAE04EC0-301F-11D3-BF4B-00C04F79EFBC}") = "ConsoleApp12", "ConsoleApp12\ConsoleApp12.csproj", "{11599266-AA92-457E-80ED-C1FA9F8483CC}"
EndProject
Global
	GlobalSection(SolutionConfigurationPlatforms) = preSolution
		Debug|Any CPU = Debug|Any CPU
		Release|Any CPU = Release|Any CPU
	EndGlobalSection
	GlobalSection(ProjectConfigurationPlatforms) = postSolution
		{11599266-AA92-457E-80ED-C1FA9F8483CC}.Debug|Any CPU.ActiveCfg = Debug|Any CPU
		{11599266-AA92-457E-80ED-C1FA9F8483CC}.Debug|Any CPU.Build.0 = Debug|Any CPU
		{11599266-AA92-457E-80ED-C1FA9F8483CC}.Release|Any CPU.ActiveCfg = Release|Any CPU
		{11599266-AA92-457E-80ED-C1FA9F8483CC}.Release|Any CPU.Build.0 = Release|Any CPU
	EndGlobalSection
	GlobalSection(SolutionProperties) = preSolution
		HideSolutionNode = FALSE
	EndGlobalSection
	GlobalSection(ExtensibilityGlobals) = postSolution
		SolutionGuid = {8C5EA079-0572-4561-B13A-423C38E048FA}
	EndGlobalSection
EndGlobal
